
Microsoft Visual Studio Solution File, Format Version 12.00
# Visual Studio 2012
Project("{FAE04EC0-301F-11D3-BF4B-00C04F79EFBC}") = "CBA.Movie.WebApi.Core", "Libraries\CBA.Movie.WebApi.Core\CBA.Movie.WebApi.Core.csproj", "{7D35A7FE-6F7F-46DF-A8DF-A250A92B971A}"
EndProject
Project("{FAE04EC0-301F-11D3-BF4B-00C04F79EFBC}") = "CBA.Movie.WebApi.Dto", "Libraries\CBA.Movie.WebApi.Dto\CBA.Movie.WebApi.Dto.csproj", "{3F405DDE-2656-4687-AC61-7C03CB01295D}"
EndProject
Project("{FAE04EC0-301F-11D3-BF4B-00C04F79EFBC}") = "CBA.Movie.Data", "Libraries\CBA.Movie.Data\CBA.Movie.Data.csproj", "{DD1C67F5-9DC5-456C-956B-5D566F6686C7}"
EndProject
Project("{FAE04EC0-301F-11D3-BF4B-00C04F79EFBC}") = "CBA.Movie.WebHost", "CBA.Movie\CBA.Movie.WebHost\CBA.Movie.WebHost.csproj", "{996B94B8-6C3B-4B60-AD2D-58DFDA4DE00C}"
EndProject
Project("{2150E333-8FDC-42A3-9474-1A3956D46DE8}") = "Data", "Data", "{A1B724AD-71EF-42A2-A30C-2AD15B572B96}"
EndProject
Project("{2150E333-8FDC-42A3-9474-1A3956D46DE8}") = "Business", "Business", "{A31482CB-0BD9-4419-9456-56A7279CF60D}"
EndProject
Project("{FAE04EC0-301F-11D3-BF4B-00C04F79EFBC}") = "CBA.Movie.Common", "Libraries\CBA.Movie.Common\CBA.Movie.Common.csproj", "{FF688471-C4A7-460A-B8EA-FD541F483589}"
EndProject
Project("{2150E333-8FDC-42A3-9474-1A3956D46DE8}") = "Libraries", "Libraries", "{439E34D2-0889-412A-84BF-74F73365AEE9}"
EndProject
Project("{2150E333-8FDC-42A3-9474-1A3956D46DE8}") = "Service", "Service", "{92F031DB-CB36-46F3-8F1B-2E09D3F08D5B}"
EndProject
Project("{2150E333-8FDC-42A3-9474-1A3956D46DE8}") = "Presentation", "Presentation", "{1F2D74A7-148B-4403-A695-B3518129B9AE}"
EndProject
Project("{FAE04EC0-301F-11D3-BF4B-00C04F79EFBC}") = "CBA.Movie.Web", "CBA.Movie\CBA.Movie.Web\CBA.Movie.Web.csproj", "{6C9C17CD-FCF6-4A48-A9B5-E2C48EA995B3}"
EndProject
Project("{2150E333-8FDC-42A3-9474-1A3956D46DE8}") = "UI Exercise", "UI Exercise", "{24899AE3-F7B5-4C3C-AC5D-123E2FD19A8C}"
	ProjectSection(SolutionItems) = preProject
		UI Exercise\Index.html = UI Exercise\Index.html
	EndProjectSection
EndProject
Project("{2150E333-8FDC-42A3-9474-1A3956D46DE8}") = "UnitTest", "UnitTest", "{A206F8BE-A4F4-4B77-9C14-29F9E3C550D1}"
EndProject
Project("{FAE04EC0-301F-11D3-BF4B-00C04F79EFBC}") = "CBA.Movie.WebApi.Core.Tests", "UnitTests\CBA.Movie.WebApi.Core.Tests\CBA.Movie.WebApi.Core.Tests.csproj", "{9C1FC6E9-7C14-4154-9C8C-9A63B6C2F543}"
EndProject
Project("{FAE04EC0-301F-11D3-BF4B-00C04F79EFBC}") = "CBA.Movie.Data.Tests", "UnitTests\CBA.Movie.Data.UnitTests\CBA.Movie.Data.Tests.csproj", "{40280856-A0DD-4B44-BDB1-4CF206DFF529}"
EndProject
Global
	GlobalSection(SolutionConfigurationPlatforms) = preSolution
		Debug|Any CPU = Debug|Any CPU
		Release|Any CPU = Release|Any CPU
	EndGlobalSection
	GlobalSection(ProjectConfigurationPlatforms) = postSolution
		{7D35A7FE-6F7F-46DF-A8DF-A250A92B971A}.Debug|Any CPU.ActiveCfg = Debug|Any CPU
		{7D35A7FE-6F7F-46DF-A8DF-A250A92B971A}.Debug|Any CPU.Build.0 = Debug|Any CPU
		{7D35A7FE-6F7F-46DF-A8DF-A250A92B971A}.Release|Any CPU.ActiveCfg = Release|Any CPU
		{7D35A7FE-6F7F-46DF-A8DF-A250A92B971A}.Release|Any CPU.Build.0 = Release|Any CPU
		{3F405DDE-2656-4687-AC61-7C03CB01295D}.Debug|Any CPU.ActiveCfg = Debug|Any CPU
		{3F405DDE-2656-4687-AC61-7C03CB01295D}.Debug|Any CPU.Build.0 = Debug|Any CPU
		{3F405DDE-2656-4687-AC61-7C03CB01295D}.Release|Any CPU.ActiveCfg = Release|Any CPU
		{3F405DDE-2656-4687-AC61-7C03CB01295D}.Release|Any CPU.Build.0 = Release|Any CPU
		{DD1C67F5-9DC5-456C-956B-5D566F6686C7}.Debug|Any CPU.ActiveCfg = Debug|Any CPU
		{DD1C67F5-9DC5-456C-956B-5D566F6686C7}.Debug|Any CPU.Build.0 = Debug|Any CPU
		{DD1C67F5-9DC5-456C-956B-5D566F6686C7}.Release|Any CPU.ActiveCfg = Release|Any CPU
		{DD1C67F5-9DC5-456C-956B-5D566F6686C7}.Release|Any CPU.Build.0 = Release|Any CPU
		{996B94B8-6C3B-4B60-AD2D-58DFDA4DE00C}.Debug|Any CPU.ActiveCfg = Debug|Any CPU
		{996B94B8-6C3B-4B60-AD2D-58DFDA4DE00C}.Debug|Any CPU.Build.0 = Debug|Any CPU
		{996B94B8-6C3B-4B60-AD2D-58DFDA4DE00C}.Release|Any CPU.ActiveCfg = Release|Any CPU
		{996B94B8-6C3B-4B60-AD2D-58DFDA4DE00C}.Release|Any CPU.Build.0 = Release|Any CPU
		{FF688471-C4A7-460A-B8EA-FD541F483589}.Debug|Any CPU.ActiveCfg = Debug|Any CPU
		{FF688471-C4A7-460A-B8EA-FD541F483589}.Debug|Any CPU.Build.0 = Debug|Any CPU
		{FF688471-C4A7-460A-B8EA-FD541F483589}.Release|Any CPU.ActiveCfg = Release|Any CPU
		{FF688471-C4A7-460A-B8EA-FD541F483589}.Release|Any CPU.Build.0 = Release|Any CPU
		{6C9C17CD-FCF6-4A48-A9B5-E2C48EA995B3}.Debug|Any CPU.ActiveCfg = Debug|Any CPU
		{6C9C17CD-FCF6-4A48-A9B5-E2C48EA995B3}.Debug|Any CPU.Build.0 = Debug|Any CPU
		{6C9C17CD-FCF6-4A48-A9B5-E2C48EA995B3}.Release|Any CPU.ActiveCfg = Release|Any CPU
		{6C9C17CD-FCF6-4A48-A9B5-E2C48EA995B3}.Release|Any CPU.Build.0 = Release|Any CPU
		{9C1FC6E9-7C14-4154-9C8C-9A63B6C2F543}.Debug|Any CPU.ActiveCfg = Debug|Any CPU
		{9C1FC6E9-7C14-4154-9C8C-9A63B6C2F543}.Debug|Any CPU.Build.0 = Debug|Any CPU
		{9C1FC6E9-7C14-4154-9C8C-9A63B6C2F543}.Release|Any CPU.ActiveCfg = Release|Any CPU
		{9C1FC6E9-7C14-4154-9C8C-9A63B6C2F543}.Release|Any CPU.Build.0 = Release|Any CPU
		{40280856-A0DD-4B44-BDB1-4CF206DFF529}.Debug|Any CPU.ActiveCfg = Debug|Any CPU
		{40280856-A0DD-4B44-BDB1-4CF206DFF529}.Debug|Any CPU.Build.0 = Debug|Any CPU
		{40280856-A0DD-4B44-BDB1-4CF206DFF529}.Release|Any CPU.ActiveCfg = Release|Any CPU
		{40280856-A0DD-4B44-BDB1-4CF206DFF529}.Release|Any CPU.Build.0 = Release|Any CPU
	EndGlobalSection
	GlobalSection(SolutionProperties) = preSolution
		HideSolutionNode = FALSE
	EndGlobalSection
	GlobalSection(NestedProjects) = preSolution
		{7D35A7FE-6F7F-46DF-A8DF-A250A92B971A} = {A31482CB-0BD9-4419-9456-56A7279CF60D}
		{FF688471-C4A7-460A-B8EA-FD541F483589} = {439E34D2-0889-412A-84BF-74F73365AEE9}
		{3F405DDE-2656-4687-AC61-7C03CB01295D} = {439E34D2-0889-412A-84BF-74F73365AEE9}
		{DD1C67F5-9DC5-456C-956B-5D566F6686C7} = {A1B724AD-71EF-42A2-A30C-2AD15B572B96}
		{996B94B8-6C3B-4B60-AD2D-58DFDA4DE00C} = {92F031DB-CB36-46F3-8F1B-2E09D3F08D5B}
		{6C9C17CD-FCF6-4A48-A9B5-E2C48EA995B3} = {1F2D74A7-148B-4403-A695-B3518129B9AE}
		{9C1FC6E9-7C14-4154-9C8C-9A63B6C2F543} = {A206F8BE-A4F4-4B77-9C14-29F9E3C550D1}
		{40280856-A0DD-4B44-BDB1-4CF206DFF529} = {A206F8BE-A4F4-4B77-9C14-29F9E3C550D1}
	EndGlobalSection
EndGlobal
